
Microsoft Visual Studio Solution File, Format Version 12.00
# Visual Studio 14
VisualStudioVersion = 14.0.25123.0
MinimumVisualStudioVersion = 10.0.40219.1
Project("{FAE04EC0-301F-11D3-BF4B-00C04F79EFBC}") = "Generator", "Generator\Generator.csproj", "{4ED2EC56-FCCE-41A7-BE8F-18FDEF7BBF05}"
EndProject
Project("{2150E333-8FDC-42A3-9474-1A3956D46DE8}") = "Tests", "Tests", "{0FBE6670-02B3-48AA-80F8-C02D4A177E1F}"
EndProject
Project("{FAE04EC0-301F-11D3-BF4B-00C04F79EFBC}") = "Generator.Spec", "Generator.Spec\Generator.Spec.csproj", "{0274A111-6044-4AAC-943E-A91444B6C72A}"
EndProject
Global
	GlobalSection(SolutionConfigurationPlatforms) = preSolution
		Debug|Any CPU = Debug|Any CPU
		Release|Any CPU = Release|Any CPU
	EndGlobalSection
	GlobalSection(ProjectConfigurationPlatforms) = postSolution
		{4ED2EC56-FCCE-41A7-BE8F-18FDEF7BBF05}.Debug|Any CPU.ActiveCfg = Debug|Any CPU
		{4ED2EC56-FCCE-41A7-BE8F-18FDEF7BBF05}.Debug|Any CPU.Build.0 = Debug|Any CPU
		{4ED2EC56-FCCE-41A7-BE8F-18FDEF7BBF05}.Release|Any CPU.ActiveCfg = Release|Any CPU
		{4ED2EC56-FCCE-41A7-BE8F-18FDEF7BBF05}.Release|Any CPU.Build.0 = Release|Any CPU
		{0274A111-6044-4AAC-943E-A91444B6C72A}.Debug|Any CPU.ActiveCfg = Debug|Any CPU
		{0274A111-6044-4AAC-943E-A91444B6C72A}.Debug|Any CPU.Build.0 = Debug|Any CPU
		{0274A111-6044-4AAC-943E-A91444B6C72A}.Release|Any CPU.ActiveCfg = Release|Any CPU
		{0274A111-6044-4AAC-943E-A91444B6C72A}.Release|Any CPU.Build.0 = Release|Any CPU
	EndGlobalSection
	GlobalSection(SolutionProperties) = preSolution
		HideSolutionNode = FALSE
	EndGlobalSection
	GlobalSection(NestedProjects) = preSolution
		{0274A111-6044-4AAC-943E-A91444B6C72A} = {0FBE6670-02B3-48AA-80F8-C02D4A177E1F}
	EndGlobalSection
EndGlobal
